PODS:
  - FlutterMacOS (1.0.0)
  - tray_manager (0.0.1):
    - FlutterMacOS

DEPENDENCIES:
  - FlutterMacOS (from `Flutter/ephemeral`)
  - tray_manager (from `Flutter/ephemeral/.symlinks/plugins/tray_manager/macos`)

EXTERNAL SOURCES:
  FlutterMacOS:
    :path: Flutter/ephemeral
  tray_manager:
    :path: Flutter/ephemeral/.symlinks/plugins/tray_manager/macos

SPEC CHECKSUMS:
  FlutterMacOS: 8f6f14fa908a6fb3fba0cd85dbd81ec4b251fb24
  tray_manager: 9064e219c56d75c476e46b9a21182087930baf90

PODFILE CHECKSUM: 353c8bcc5d5b0994e508d035b5431cfe18c1dea7

COCOAPODS: 1.14.3
