// !$*UTF8*$!
{
	archiveVersion = 1;
	classes = {
	};
	objectVersion = 46;
	objects = {

/* Begin PBXBuildFile section */
		290B3E791C8F4CA5009C2EAC /* darwin.c in Sources */ = {isa = PBXBuildFile; fileRef = 290B3E771C8F4CA5009C2EAC /* darwin.c */; };
		290B3E7A1C8F4CA5009C2EAC /* main.c in Sources */ = {isa = PBXBuildFile; fileRef = 290B3E781C8F4CA5009C2EAC /* main.c */; };
/* End PBXBuildFile section */

/* Begin PBXCopyFilesBuildPhase section */
		290B3E6A1C8F4BD2009C2EAC /* CopyFiles */ = {
			isa = PBXCopyFilesBuildPhase;
			buildActionMask = 2147483647;
			dstPath = /usr/share/man/man1/;
			dstSubfolderSpec = 0;
			files = (
			);
			runOnlyForDeploymentPostprocessing = 1;
		};
/* End PBXCopyFilesBuildPhase section */

/* Begin PBXFileReference section */
		290B3E6C1C8F4BD2009C2EAC /* pac */ = {isa = PBXFileReference; explicitFileType = "compiled.mach-o.executable"; includeInIndex = 0; path = pac; sourceTree = BUILT_PRODUCTS_DIR; };
		290B3E761C8F4CA5009C2EAC /* common.h */ = {isa = PBXFileReference; explicitFileType = sourcecode.c.objc; fileEncoding = 4; path = common.h; sourceTree = "<group>"; };
		290B3E771C8F4CA5009C2EAC /* darwin.c */ = {isa = PBXFileReference; explicitFileType = sourcecode.c.objc; fileEncoding = 4; path = darwin.c; sourceTree = "<group>"; };
		290B3E781C8F4CA5009C2EAC /* main.c */ = {isa = PBXFileReference; explicitFileType = sourcecode.c.objc; fileEncoding = 4; path = main.c; sourceTree = "<group>"; };
/* End PBXFileReference section */

/* Begin PBXFrameworksBuildPhase section */
		290B3E691C8F4BD2009C2EAC /* Frameworks */ = {
			isa = PBXFrameworksBuildPhase;
			buildActionMask = 2147483647;
			files = (
			);
			runOnlyForDeploymentPostprocessing = 0;
		};
/* End PBXFrameworksBuildPhase section */

/* Begin PBXGroup section */
		290B3E631C8F4BD2009C2EAC = {
			isa = PBXGroup;
			children = (
				290B3E761C8F4CA5009C2EAC /* common.h */,
				290B3E771C8F4CA5009C2EAC /* darwin.c */,
				290B3E781C8F4CA5009C2EAC /* main.c */,
				290B3E6D1C8F4BD2009C2EAC /* Products */,
			);
			sourceTree = "<group>";
		};
		290B3E6D1C8F4BD2009C2EAC /* Products */ = {
			isa = PBXGroup;
			children = (
				290B3E6C1C8F4BD2009C2EAC /* pac */,
			);
			name = Products;
			sourceTree = "<group>";
		};
/* End PBXGroup section */

/* Begin PBXNativeTarget section */
		290B3E6B1C8F4BD2009C2EAC /* pac-cmd */ = {
			isa = PBXNativeTarget;
			buildConfigurationList = 290B3E731C8F4BD2009C2EAC /* Build configuration list for PBXNativeTarget "pac-cmd" */;
			buildPhases = (
				290B3E681C8F4BD2009C2EAC /* Sources */,
				290B3E691C8F4BD2009C2EAC /* Frameworks */,
				290B3E6A1C8F4BD2009C2EAC /* CopyFiles */,
			);
			buildRules = (
			);
			dependencies = (
			);
			name = "pac-cmd";
			productName = "pac-cmd";
			productReference = 290B3E6C1C8F4BD2009C2EAC /* pac */;
			productType = "com.apple.product-type.tool";
		};
/* End PBXNativeTarget section */

/* Begin PBXProject section */
		290B3E641C8F4BD2009C2EAC /* Project object */ = {
			isa = PBXProject;
			attributes = {
				LastUpgradeCheck = 0720;
				ORGANIZATIONNAME = "Brave New Software Project, Inc.";
				TargetAttributes = {
					290B3E6B1C8F4BD2009C2EAC = {
						CreatedOnToolsVersion = 7.2.1;
					};
				};
			};
			buildConfigurationList = 290B3E671C8F4BD2009C2EAC /* Build configuration list for PBXProject "pac-cmd" */;
			compatibilityVersion = "Xcode 3.2";
			developmentRegion = English;
			hasScannedForEncodings = 0;
			knownRegions = (
				en,
			);
			mainGroup = 290B3E631C8F4BD2009C2EAC;
			productRefGroup = 290B3E6D1C8F4BD2009C2EAC /* Products */;
			projectDirPath = "";
			projectRoot = "";
			targets = (
				290B3E6B1C8F4BD2009C2EAC /* pac-cmd */,
			);
		};
/* End PBXProject section */

/* Begin PBXSourcesBuildPhase section */
		290B3E681C8F4BD2009C2EAC /* Sources */ = {
			isa = PBXSourcesBuildPhase;
			buildActionMask = 2147483647;
			files = (
				290B3E791C8F4CA5009C2EAC /* darwin.c in Sources */,
				290B3E7A1C8F4CA5009C2EAC /* main.c in Sources */,
			);
			runOnlyForDeploymentPostprocessing = 0;
		};
/* End PBXSourcesBuildPhase section */

/* Begin XCBuildConfiguration section */
		290B3E711C8F4BD2009C2EAC /* Debug */ = {
			isa = XCBuildConfiguration;
			buildSettings = {
				ALWAYS_SEARCH_USER_PATHS = NO;
				CLANG_CXX_LANGUAGE_STANDARD = "gnu++0x";
				CLANG_CXX_LIBRARY = "libc++";
				CLANG_ENABLE_MODULES = YES;
				CLANG_ENABLE_OBJC_ARC = YES;
				CLANG_WARN_BOOL_CONVERSION = YES;
				CLANG_WARN_CONSTANT_CONVERSION = YES;
				CLANG_WARN_DIRECT_OBJC_ISA_USAGE = YES_ERROR;
				CLANG_WARN_EMPTY_BODY = YES;
				CLANG_WARN_ENUM_CONVERSION = YES;
				CLANG_WARN_INT_CONVERSION = YES;
				CLANG_WARN_OBJC_ROOT_CLASS = YES_ERROR;
				CLANG_WARN_UNREACHABLE_CODE = YES;
				CLANG_WARN__DUPLICATE_METHOD_MATCH = YES;
				CODE_SIGN_IDENTITY = "Developer ID Application: Brave New Software Project, Inc";
				COPY_PHASE_STRIP = NO;
				DEBUG_INFORMATION_FORMAT = dwarf;
				ENABLE_STRICT_OBJC_MSGSEND = YES;
				ENABLE_TESTABILITY = YES;
				GCC_C_LANGUAGE_STANDARD = gnu99;
				GCC_DYNAMIC_NO_PIC = NO;
				GCC_NO_COMMON_BLOCKS = YES;
				GCC_OPTIMIZATION_LEVEL = 0;
				GCC_PREPROCESSOR_DEFINITIONS = (
					"DEBUG=1",
					"$(inherited)",
				);
				GCC_WARN_64_TO_32_BIT_CONVERSION = YES;
				GCC_WARN_ABOUT_RETURN_TYPE = YES_ERROR;
				GCC_WARN_UNDECLARED_SELECTOR = YES;
				GCC_WARN_UNINITIALIZED_AUTOS = YES_AGGRESSIVE;
				GCC_WARN_UNUSED_FUNCTION = YES;
				GCC_WARN_UNUSED_VARIABLE = YES;
				MACOSX_DEPLOYMENT_TARGET = 10.6;
				MTL_ENABLE_DEBUG_INFO = YES;
				ONLY_ACTIVE_ARCH = YES;
				SDKROOT = macosx;
			};
			name = Debug;
		};
		290B3E721C8F4BD2009C2EAC /* Release */ = {
			isa = XCBuildConfiguration;
			buildSettings = {
				ALWAYS_SEARCH_USER_PATHS = NO;
				CLANG_CXX_LANGUAGE_STANDARD = "gnu++0x";
				CLANG_CXX_LIBRARY = "libc++";
				CLANG_ENABLE_MODULES = YES;
				CLANG_ENABLE_OBJC_ARC = YES;
				CLANG_WARN_BOOL_CONVERSION = YES;
				CLANG_WARN_CONSTANT_CONVERSION = YES;
				CLANG_WARN_DIRECT_OBJC_ISA_USAGE = YES_ERROR;
				CLANG_WARN_EMPTY_BODY = YES;
				CLANG_WARN_ENUM_CONVERSION = YES;
				CLANG_WARN_INT_CONVERSION = YES;
				CLANG_WARN_OBJC_ROOT_CLASS = YES_ERROR;
				CLANG_WARN_UNREACHABLE_CODE = YES;
				CLANG_WARN__DUPLICATE_METHOD_MATCH = YES;
				CODE_SIGN_IDENTITY = "Developer ID Application: Brave New Software Project, Inc";
				COPY_PHASE_STRIP = NO;
				DEBUG_INFORMATION_FORMAT = "dwarf-with-dsym";
				ENABLE_NS_ASSERTIONS = NO;
				ENABLE_STRICT_OBJC_MSGSEND = YES;
				GCC_C_LANGUAGE_STANDARD = gnu99;
				GCC_NO_COMMON_BLOCKS = YES;
				GCC_WARN_64_TO_32_BIT_CONVERSION = YES;
				GCC_WARN_ABOUT_RETURN_TYPE = YES_ERROR;
				GCC_WARN_UNDECLARED_SELECTOR = YES;
				GCC_WARN_UNINITIALIZED_AUTOS = YES_AGGRESSIVE;
				GCC_WARN_UNUSED_FUNCTION = YES;
				GCC_WARN_UNUSED_VARIABLE = YES;
				MACOSX_DEPLOYMENT_TARGET = 10.6;
				MTL_ENABLE_DEBUG_INFO = NO;
				SDKROOT = macosx;
			};
			name = Release;
		};
		290B3E741C8F4BD2009C2EAC /* Debug */ = {
			isa = XCBuildConfiguration;
			buildSettings = {
				PRODUCT_NAME = pac;
			};
			name = Debug;
		};
		290B3E751C8F4BD2009C2EAC /* Release */ = {
			isa = XCBuildConfiguration;
			buildSettings = {
				PRODUCT_NAME = pac;
			};
			name = Release;
		};
/* End XCBuildConfiguration section */

/* Begin XCConfigurationList section */
		290B3E671C8F4BD2009C2EAC /* Build configuration list for PBXProject "pac-cmd" */ = {
			isa = XCConfigurationList;
			buildConfigurations = (
				290B3E711C8F4BD2009C2EAC /* Debug */,
				290B3E721C8F4BD2009C2EAC /* Release */,
			);
			defaultConfigurationIsVisible = 0;
			defaultConfigurationName = Release;
		};
		290B3E731C8F4BD2009C2EAC /* Build configuration list for PBXNativeTarget "pac-cmd" */ = {
			isa = XCConfigurationList;
			buildConfigurations = (
				290B3E741C8F4BD2009C2EAC /* Debug */,
				290B3E751C8F4BD2009C2EAC /* Release */,
			);
			defaultConfigurationIsVisible = 0;
		};
/* End XCConfigurationList section */
	};
	rootObject = 290B3E641C8F4BD2009C2EAC /* Project object */;
}
