{
  "originHash" : "40df03c2d649cd961d2efe32c95bc7070d63749e98ade8fda1ee28544f78f3ee",
  "pins" : [
    {
      "identity" : "sentry-cocoa",
      "kind" : "remoteSourceControl",
      "location" : "https://github.com/getsentry/sentry-cocoa",
      "state" : {
        "revision" : "930b78a63f47549c81e6e63c9172584f7d3dfdd6",
        "version" : "8.52.1"
      }
    }
  ],
  "version" : 3
}
