{
  "pins" : [
    {
      "identity" : "sentry-cocoa",
      "kind" : "remoteSourceControl",
      "location" : "https://github.com/getsentry/sentry-cocoa",
      "state" : {
        "revision" : "9e193ac0b71760603aa666bad7e9e303dd7031a8",
        "version" : "8.56.2"
      }
    }
  ],
  "version" : 2
}
